// !$*UTF8*$!
{
	archiveVersion = 1;
	classes = {
	};
	objectVersion = 50;
	objects = {

/* Begin PBXBuildFile section */
		54FFABAB231A0F0600CBF60E /* CustomRestManager.framework in Frameworks */ = {isa = PBXBuildFile; fileRef = 54FFABA1231A0F0600CBF60E /* CustomRestManager.framework */; };
		54FFABB0231A0F0600CBF60E /* CustomRestManagerTests.swift in Sources */ = {isa = PBXBuildFile; fileRef = 54FFABAF231A0F0600CBF60E /* CustomRestManagerTests.swift */; };
		54FFABB2231A0F0600CBF60E /* CustomRestManager.h in Headers */ = {isa = PBXBuildFile; fileRef = 54FFABA4231A0F0600CBF60E /* CustomRestManager.h */; settings = {ATTRIBUTES = (Public, ); }; };
		54FFABBC231A206A00CBF60E /* CustomRestManager.swift in Sources */ = {isa = PBXBuildFile; fileRef = 54FFABBB231A206A00CBF60E /* CustomRestManager.swift */; };
		54FFABBF231A291100CBF60E /* Response.swift in Sources */ = {isa = PBXBuildFile; fileRef = 54FFABBE231A291100CBF60E /* Response.swift */; };
		54FFABC1231A294200CBF60E /* APIEntity.swift in Sources */ = {isa = PBXBuildFile; fileRef = 54FFABC0231A294200CBF60E /* APIEntity.swift */; };
		54FFABC3231A336E00CBF60E /* Results.swift in Sources */ = {isa = PBXBuildFile; fileRef = 54FFABC2231A336E00CBF60E /* Results.swift */; };
		54FFABC5231CAD8C00CBF60E /* CTCache.swift in Sources */ = {isa = PBXBuildFile; fileRef = 54FFABC4231CAD8C00CBF60E /* CTCache.swift */; };
		54FFABC7231CBD3300CBF60E /* MemoryCache.swift in Sources */ = {isa = PBXBuildFile; fileRef = 54FFABC6231CBD3300CBF60E /* MemoryCache.swift */; };
		54FFABCF231CD49800CBF60E /* AppDelegate.swift in Sources */ = {isa = PBXBuildFile; fileRef = 54FFABCE231CD49800CBF60E /* AppDelegate.swift */; };
		54FFABD4231CD49800CBF60E /* Main.storyboard in Resources */ = {isa = PBXBuildFile; fileRef = 54FFABD2231CD49800CBF60E /* Main.storyboard */; };
		54FFABD6231CD4A300CBF60E /* Assets.xcassets in Resources */ = {isa = PBXBuildFile; fileRef = 54FFABD5231CD4A300CBF60E /* Assets.xcassets */; };
		54FFABD9231CD4A300CBF60E /* LaunchScreen.storyboard in Resources */ = {isa = PBXBuildFile; fileRef = 54FFABD7231CD4A300CBF60E /* LaunchScreen.storyboard */; };
		54FFABE4231CD4A300CBF60E /* CRMDemoTests.swift in Sources */ = {isa = PBXBuildFile; fileRef = 54FFABE3231CD4A300CBF60E /* CRMDemoTests.swift */; };
		54FFABEF231CD4A400CBF60E /* CRMDemoUITests.swift in Sources */ = {isa = PBXBuildFile; fileRef = 54FFABEE231CD4A300CBF60E /* CRMDemoUITests.swift */; };
		54FFABFC231D0E8900CBF60E /* Pins.swift in Sources */ = {isa = PBXBuildFile; fileRef = 54FFABFB231D0E8900CBF60E /* Pins.swift */; };
		54FFABFE231D0EDD00CBF60E /* Category.swift in Sources */ = {isa = PBXBuildFile; fileRef = 54FFABFD231D0EDD00CBF60E /* Category.swift */; };
		54FFAC00231D0F0100CBF60E /* User.swift in Sources */ = {isa = PBXBuildFile; fileRef = 54FFABFF231D0F0100CBF60E /* User.swift */; };
		54FFAC02231D0F6F00CBF60E /* ImageUrls.swift in Sources */ = {isa = PBXBuildFile; fileRef = 54FFAC01231D0F6F00CBF60E /* ImageUrls.swift */; };
		54FFAC04231D0FA900CBF60E /* ProfileImage.swift in Sources */ = {isa = PBXBuildFile; fileRef = 54FFAC03231D0FA900CBF60E /* ProfileImage.swift */; };
		54FFAC08231E0D7500CBF60E /* PinterestLayout.swift in Sources */ = {isa = PBXBuildFile; fileRef = 54FFAC07231E0D7500CBF60E /* PinterestLayout.swift */; };
		54FFAC0B231E13D900CBF60E /* PinterestViewController.swift in Sources */ = {isa = PBXBuildFile; fileRef = 54FFAC0A231E13D900CBF60E /* PinterestViewController.swift */; };
		54FFAC0D231E149500CBF60E /* PinterestViewCell.swift in Sources */ = {isa = PBXBuildFile; fileRef = 54FFAC0C231E149500CBF60E /* PinterestViewCell.swift */; };
		54FFAC0F231E62C000CBF60E /* CustomRestManager.framework in Frameworks */ = {isa = PBXBuildFile; fileRef = 54FFABA1231A0F0600CBF60E /* CustomRestManager.framework */; settings = {ATTRIBUTES = (Required, ); }; };
		54FFAC11231E62D900CBF60E /* CustomRestManager.framework in Embed Frameworks */ = {isa = PBXBuildFile; fileRef = 54FFABA1231A0F0600CBF60E /* CustomRestManager.framework */; settings = {ATTRIBUTES = (CodeSignOnCopy, RemoveHeadersOnCopy, ); }; };
/* End PBXBuildFile section */

/* Begin PBXContainerItemProxy section */
		54FFABAC231A0F0600CBF60E /* PBXContainerItemProxy */ = {
			isa = PBXContainerItemProxy;
			containerPortal = 54FFAB98231A0F0600CBF60E /* Project object */;
			proxyType = 1;
			remoteGlobalIDString = 54FFABA0231A0F0600CBF60E;
			remoteInfo = CustomRestManager;
		};
		54FFABE0231CD4A300CBF60E /* PBXContainerItemProxy */ = {
			isa = PBXContainerItemProxy;
			containerPortal = 54FFAB98231A0F0600CBF60E /* Project object */;
			proxyType = 1;
			remoteGlobalIDString = 54FFABCB231CD49800CBF60E;
			remoteInfo = CRMDemo;
		};
		54FFABEB231CD4A300CBF60E /* PBXContainerItemProxy */ = {
			isa = PBXContainerItemProxy;
			containerPortal = 54FFAB98231A0F0600CBF60E /* Project object */;
			proxyType = 1;
			remoteGlobalIDString = 54FFABCB231CD49800CBF60E;
			remoteInfo = CRMDemo;
		};
		54FFAC12231E62D900CBF60E /* PBXContainerItemProxy */ = {
			isa = PBXContainerItemProxy;
			containerPortal = 54FFAB98231A0F0600CBF60E /* Project object */;
			proxyType = 1;
			remoteGlobalIDString = 54FFABA0231A0F0600CBF60E;
			remoteInfo = CustomRestManager;
		};
/* End PBXContainerItemProxy section */

/* Begin PBXCopyFilesBuildPhase section */
		54FFAC14231E62D900CBF60E /* Embed Frameworks */ = {
			isa = PBXCopyFilesBuildPhase;
			buildActionMask = 2147483647;
			dstPath = "";
			dstSubfolderSpec = 10;
			files = (
				54FFAC11231E62D900CBF60E /* CustomRestManager.framework in Embed Frameworks */,
			);
			name = "Embed Frameworks";
			runOnlyForDeploymentPostprocessing = 0;
		};
/* End PBXCopyFilesBuildPhase section */

/* Begin PBXFileReference section */
		54FFABA1231A0F0600CBF60E /* CustomRestManager.framework */ = {isa = PBXFileReference; explicitFileType = wrapper.framework; includeInIndex = 0; path = CustomRestManager.framework; sourceTree = BUILT_PRODUCTS_DIR; };
		54FFABA4231A0F0600CBF60E /* CustomRestManager.h */ = {isa = PBXFileReference; lastKnownFileType = sourcecode.c.h; path = CustomRestManager.h; sourceTree = "<group>"; };
		54FFABA5231A0F0600CBF60E /* Info.plist */ = {isa = PBXFileReference; lastKnownFileType = text.plist.xml; path = Info.plist; sourceTree = "<group>"; };
		54FFABAA231A0F0600CBF60E /* CustomRestManagerTests.xctest */ = {isa = PBXFileReference; explicitFileType = wrapper.cfbundle; includeInIndex = 0; path = CustomRestManagerTests.xctest; sourceTree = BUILT_PRODUCTS_DIR; };
		54FFABAF231A0F0600CBF60E /* CustomRestManagerTests.swift */ = {isa = PBXFileReference; lastKnownFileType = sourcecode.swift; path = CustomRestManagerTests.swift; sourceTree = "<group>"; };
		54FFABB1231A0F0600CBF60E /* Info.plist */ = {isa = PBXFileReference; lastKnownFileType = text.plist.xml; path = Info.plist; sourceTree = "<group>"; };
		54FFABBB231A206A00CBF60E /* CustomRestManager.swift */ = {isa = PBXFileReference; lastKnownFileType = sourcecode.swift; path = CustomRestManager.swift; sourceTree = "<group>"; };
		54FFABBE231A291100CBF60E /* Response.swift */ = {isa = PBXFileReference; lastKnownFileType = sourcecode.swift; path = Response.swift; sourceTree = "<group>"; };
		54FFABC0231A294200CBF60E /* APIEntity.swift */ = {isa = PBXFileReference; lastKnownFileType = sourcecode.swift; path = APIEntity.swift; sourceTree = "<group>"; };
		54FFABC2231A336E00CBF60E /* Results.swift */ = {isa = PBXFileReference; lastKnownFileType = sourcecode.swift; path = Results.swift; sourceTree = "<group>"; };
		54FFABC4231CAD8C00CBF60E /* CTCache.swift */ = {isa = PBXFileReference; lastKnownFileType = sourcecode.swift; path = CTCache.swift; sourceTree = "<group>"; };
		54FFABC6231CBD3300CBF60E /* MemoryCache.swift */ = {isa = PBXFileReference; lastKnownFileType = sourcecode.swift; path = MemoryCache.swift; sourceTree = "<group>"; };
		54FFABCC231CD49800CBF60E /* CRMDemo.app */ = {isa = PBXFileReference; explicitFileType = wrapper.application; includeInIndex = 0; path = CRMDemo.app; sourceTree = BUILT_PRODUCTS_DIR; };
		54FFABCE231CD49800CBF60E /* AppDelegate.swift */ = {isa = PBXFileReference; lastKnownFileType = sourcecode.swift; path = AppDelegate.swift; sourceTree = "<group>"; };
		54FFABD3231CD49800CBF60E /* Base */ = {isa = PBXFileReference; lastKnownFileType = file.storyboard; name = Base; path = Base.lproj/Main.storyboard; sourceTree = "<group>"; };
		54FFABD5231CD4A300CBF60E /* Assets.xcassets */ = {isa = PBXFileReference; lastKnownFileType = folder.assetcatalog; path = Assets.xcassets; sourceTree = "<group>"; };
		54FFABD8231CD4A300CBF60E /* Base */ = {isa = PBXFileReference; lastKnownFileType = file.storyboard; name = Base; path = Base.lproj/LaunchScreen.storyboard; sourceTree = "<group>"; };
		54FFABDA231CD4A300CBF60E /* Info.plist */ = {isa = PBXFileReference; lastKnownFileType = text.plist.xml; path = Info.plist; sourceTree = "<group>"; };
		54FFABDF231CD4A300CBF60E /* CRMDemoTests.xctest */ = {isa = PBXFileReference; explicitFileType = wrapper.cfbundle; includeInIndex = 0; path = CRMDemoTests.xctest; sourceTree = BUILT_PRODUCTS_DIR; };
		54FFABE3231CD4A300CBF60E /* CRMDemoTests.swift */ = {isa = PBXFileReference; lastKnownFileType = sourcecode.swift; path = CRMDemoTests.swift; sourceTree = "<group>"; };
		54FFABE5231CD4A300CBF60E /* Info.plist */ = {isa = PBXFileReference; lastKnownFileType = text.plist.xml; path = Info.plist; sourceTree = "<group>"; };
		54FFABEA231CD4A300CBF60E /* CRMDemoUITests.xctest */ = {isa = PBXFileReference; explicitFileType = wrapper.cfbundle; includeInIndex = 0; path = CRMDemoUITests.xctest; sourceTree = BUILT_PRODUCTS_DIR; };
		54FFABEE231CD4A300CBF60E /* CRMDemoUITests.swift */ = {isa = PBXFileReference; lastKnownFileType = sourcecode.swift; path = CRMDemoUITests.swift; sourceTree = "<group>"; };
		54FFABF0231CD4A400CBF60E /* Info.plist */ = {isa = PBXFileReference; lastKnownFileType = text.plist.xml; path = Info.plist; sourceTree = "<group>"; };
		54FFABFB231D0E8900CBF60E /* Pins.swift */ = {isa = PBXFileReference; lastKnownFileType = sourcecode.swift; path = Pins.swift; sourceTree = "<group>"; };
		54FFABFD231D0EDD00CBF60E /* Category.swift */ = {isa = PBXFileReference; lastKnownFileType = sourcecode.swift; path = Category.swift; sourceTree = "<group>"; };
		54FFABFF231D0F0100CBF60E /* User.swift */ = {isa = PBXFileReference; lastKnownFileType = sourcecode.swift; path = User.swift; sourceTree = "<group>"; };
		54FFAC01231D0F6F00CBF60E /* ImageUrls.swift */ = {isa = PBXFileReference; lastKnownFileType = sourcecode.swift; path = ImageUrls.swift; sourceTree = "<group>"; };
		54FFAC03231D0FA900CBF60E /* ProfileImage.swift */ = {isa = PBXFileReference; lastKnownFileType = sourcecode.swift; path = ProfileImage.swift; sourceTree = "<group>"; };
		54FFAC07231E0D7500CBF60E /* PinterestLayout.swift */ = {isa = PBXFileReference; fileEncoding = 4; lastKnownFileType = sourcecode.swift; path = PinterestLayout.swift; sourceTree = "<group>"; };
		54FFAC0A231E13D900CBF60E /* PinterestViewController.swift */ = {isa = PBXFileReference; lastKnownFileType = sourcecode.swift; path = PinterestViewController.swift; sourceTree = "<group>"; };
		54FFAC0C231E149500CBF60E /* PinterestViewCell.swift */ = {isa = PBXFileReference; lastKnownFileType = sourcecode.swift; path = PinterestViewCell.swift; sourceTree = "<group>"; };
/* End PBXFileReference section */

/* Begin PBXFrameworksBuildPhase section */
		54FFAB9E231A0F0600CBF60E /* Frameworks */ = {
			isa = PBXFrameworksBuildPhase;
			buildActionMask = 2147483647;
			files = (
			);
			runOnlyForDeploymentPostprocessing = 0;
		};
		54FFABA7231A0F0600CBF60E /* Frameworks */ = {
			isa = PBXFrameworksBuildPhase;
			buildActionMask = 2147483647;
			files = (
				54FFABAB231A0F0600CBF60E /* CustomRestManager.framework in Frameworks */,
			);
			runOnlyForDeploymentPostprocessing = 0;
		};
		54FFABC9231CD49800CBF60E /* Frameworks */ = {
			isa = PBXFrameworksBuildPhase;
			buildActionMask = 2147483647;
			files = (
				54FFAC0F231E62C000CBF60E /* CustomRestManager.framework in Frameworks */,
			);
			runOnlyForDeploymentPostprocessing = 0;
		};
		54FFABDC231CD4A300CBF60E /* Frameworks */ = {
			isa = PBXFrameworksBuildPhase;
			buildActionMask = 2147483647;
			files = (
			);
			runOnlyForDeploymentPostprocessing = 0;
		};
		54FFABE7231CD4A300CBF60E /* Frameworks */ = {
			isa = PBXFrameworksBuildPhase;
			buildActionMask = 2147483647;
			files = (
			);
			runOnlyForDeploymentPostprocessing = 0;
		};
/* End PBXFrameworksBuildPhase section */

/* Begin PBXGroup section */
		54FFAB97231A0F0600CBF60E = {
			isa = PBXGroup;
			children = (
				54FFABA3231A0F0600CBF60E /* CustomRestManager */,
				54FFABAE231A0F0600CBF60E /* CustomRestManagerTests */,
				54FFABCD231CD49800CBF60E /* CRMDemo */,
				54FFABE2231CD4A300CBF60E /* CRMDemoTests */,
				54FFABED231CD4A300CBF60E /* CRMDemoUITests */,
				54FFABA2231A0F0600CBF60E /* Products */,
				54FFAC0E231E62C000CBF60E /* Frameworks */,
			);
			sourceTree = "<group>";
		};
		54FFABA2231A0F0600CBF60E /* Products */ = {
			isa = PBXGroup;
			children = (
				54FFABA1231A0F0600CBF60E /* CustomRestManager.framework */,
				54FFABAA231A0F0600CBF60E /* CustomRestManagerTests.xctest */,
				54FFABCC231CD49800CBF60E /* CRMDemo.app */,
				54FFABDF231CD4A300CBF60E /* CRMDemoTests.xctest */,
				54FFABEA231CD4A300CBF60E /* CRMDemoUITests.xctest */,
			);
			name = Products;
			sourceTree = "<group>";
		};
		54FFABA3231A0F0600CBF60E /* CustomRestManager */ = {
			isa = PBXGroup;
			children = (
				54FFABBD231A28F800CBF60E /* Structs */,
				54FFABA4231A0F0600CBF60E /* CustomRestManager.h */,
				54FFABA5231A0F0600CBF60E /* Info.plist */,
				54FFABBB231A206A00CBF60E /* CustomRestManager.swift */,
				54FFABC4231CAD8C00CBF60E /* CTCache.swift */,
				54FFABC6231CBD3300CBF60E /* MemoryCache.swift */,
			);
			path = CustomRestManager;
			sourceTree = "<group>";
		};
		54FFABAE231A0F0600CBF60E /* CustomRestManagerTests */ = {
			isa = PBXGroup;
			children = (
				54FFABAF231A0F0600CBF60E /* CustomRestManagerTests.swift */,
				54FFABB1231A0F0600CBF60E /* Info.plist */,
			);
			path = CustomRestManagerTests;
			sourceTree = "<group>";
		};
		54FFABBD231A28F800CBF60E /* Structs */ = {
			isa = PBXGroup;
			children = (
				54FFABBE231A291100CBF60E /* Response.swift */,
				54FFABC0231A294200CBF60E /* APIEntity.swift */,
				54FFABC2231A336E00CBF60E /* Results.swift */,
			);
			path = Structs;
			sourceTree = "<group>";
		};
		54FFABCD231CD49800CBF60E /* CRMDemo */ = {
			isa = PBXGroup;
			children = (
				54FFAC09231E139000CBF60E /* ViewController */,
				54FFAC06231E0D5E00CBF60E /* Layout */,
				54FFAC05231D0FEE00CBF60E /* Views */,
				54FFABFA231D0CE100CBF60E /* Models */,
				54FFABCE231CD49800CBF60E /* AppDelegate.swift */,
				54FFABD2231CD49800CBF60E /* Main.storyboard */,
				54FFABD5231CD4A300CBF60E /* Assets.xcassets */,
				54FFABD7231CD4A300CBF60E /* LaunchScreen.storyboard */,
				54FFABDA231CD4A300CBF60E /* Info.plist */,
			);
			path = CRMDemo;
			sourceTree = "<group>";
		};
		54FFABE2231CD4A300CBF60E /* CRMDemoTests */ = {
			isa = PBXGroup;
			children = (
				54FFABE3231CD4A300CBF60E /* CRMDemoTests.swift */,
				54FFABE5231CD4A300CBF60E /* Info.plist */,
			);
			path = CRMDemoTests;
			sourceTree = "<group>";
		};
		54FFABED231CD4A300CBF60E /* CRMDemoUITests */ = {
			isa = PBXGroup;
			children = (
				54FFABEE231CD4A300CBF60E /* CRMDemoUITests.swift */,
				54FFABF0231CD4A400CBF60E /* Info.plist */,
			);
			path = CRMDemoUITests;
			sourceTree = "<group>";
		};
		54FFABFA231D0CE100CBF60E /* Models */ = {
			isa = PBXGroup;
			children = (
				54FFABFB231D0E8900CBF60E /* Pins.swift */,
				54FFABFD231D0EDD00CBF60E /* Category.swift */,
				54FFABFF231D0F0100CBF60E /* User.swift */,
				54FFAC01231D0F6F00CBF60E /* ImageUrls.swift */,
				54FFAC03231D0FA900CBF60E /* ProfileImage.swift */,
			);
			path = Models;
			sourceTree = "<group>";
		};
		54FFAC05231D0FEE00CBF60E /* Views */ = {
			isa = PBXGroup;
			children = (
				54FFAC0C231E149500CBF60E /* PinterestViewCell.swift */,
			);
			path = Views;
			sourceTree = "<group>";
		};
		54FFAC06231E0D5E00CBF60E /* Layout */ = {
			isa = PBXGroup;
			children = (
				54FFAC07231E0D7500CBF60E /* PinterestLayout.swift */,
			);
			path = Layout;
			sourceTree = "<group>";
		};
		54FFAC09231E139000CBF60E /* ViewController */ = {
			isa = PBXGroup;
			children = (
				54FFAC0A231E13D900CBF60E /* PinterestViewController.swift */,
			);
			path = ViewController;
			sourceTree = "<group>";
		};
		54FFAC0E231E62C000CBF60E /* Frameworks */ = {
			isa = PBXGroup;
			children = (
			);
			name = Frameworks;
			sourceTree = "<group>";
		};
/* End PBXGroup section */

/* Begin PBXHeadersBuildPhase section */
		54FFAB9C231A0F0600CBF60E /* Headers */ = {
			isa = PBXHeadersBuildPhase;
			buildActionMask = 2147483647;
			files = (
				54FFABB2231A0F0600CBF60E /* CustomRestManager.h in Headers */,
			);
			runOnlyForDeploymentPostprocessing = 0;
		};
/* End PBXHeadersBuildPhase section */

/* Begin PBXNativeTarget section */
		54FFABA0231A0F0600CBF60E /* CustomRestManager */ = {
			isa = PBXNativeTarget;
			buildConfigurationList = 54FFABB5231A0F0600CBF60E /* Build configuration list for PBXNativeTarget "CustomRestManager" */;
			buildPhases = (
				54FFAB9C231A0F0600CBF60E /* Headers */,
				54FFAB9D231A0F0600CBF60E /* Sources */,
				54FFAB9E231A0F0600CBF60E /* Frameworks */,
				54FFAB9F231A0F0600CBF60E /* Resources */,
			);
			buildRules = (
			);
			dependencies = (
			);
			name = CustomRestManager;
			productName = CustomRestManager;
			productReference = 54FFABA1231A0F0600CBF60E /* CustomRestManager.framework */;
			productType = "com.apple.product-type.framework";
		};
		54FFABA9231A0F0600CBF60E /* CustomRestManagerTests */ = {
			isa = PBXNativeTarget;
			buildConfigurationList = 54FFABB8231A0F0600CBF60E /* Build configuration list for PBXNativeTarget "CustomRestManagerTests" */;
			buildPhases = (
				54FFABA6231A0F0600CBF60E /* Sources */,
				54FFABA7231A0F0600CBF60E /* Frameworks */,
				54FFABA8231A0F0600CBF60E /* Resources */,
			);
			buildRules = (
			);
			dependencies = (
				54FFABAD231A0F0600CBF60E /* PBXTargetDependency */,
			);
			name = CustomRestManagerTests;
			productName = CustomRestManagerTests;
			productReference = 54FFABAA231A0F0600CBF60E /* CustomRestManagerTests.xctest */;
			productType = "com.apple.product-type.bundle.unit-test";
		};
		54FFABCB231CD49800CBF60E /* CRMDemo */ = {
			isa = PBXNativeTarget;
			buildConfigurationList = 54FFABF1231CD4A400CBF60E /* Build configuration list for PBXNativeTarget "CRMDemo" */;
			buildPhases = (
				54FFABC8231CD49800CBF60E /* Sources */,
				54FFABC9231CD49800CBF60E /* Frameworks */,
				54FFABCA231CD49800CBF60E /* Resources */,
				54FFAC14231E62D900CBF60E /* Embed Frameworks */,
			);
			buildRules = (
			);
			dependencies = (
				54FFAC13231E62D900CBF60E /* PBXTargetDependency */,
			);
			name = CRMDemo;
			productName = CRMDemo;
			productReference = 54FFABCC231CD49800CBF60E /* CRMDemo.app */;
			productType = "com.apple.product-type.application";
		};
		54FFABDE231CD4A300CBF60E /* CRMDemoTests */ = {
			isa = PBXNativeTarget;
			buildConfigurationList = 54FFABF4231CD4A400CBF60E /* Build configuration list for PBXNativeTarget "CRMDemoTests" */;
			buildPhases = (
				54FFABDB231CD4A300CBF60E /* Sources */,
				54FFABDC231CD4A300CBF60E /* Frameworks */,
				54FFABDD231CD4A300CBF60E /* Resources */,
			);
			buildRules = (
			);
			dependencies = (
				54FFABE1231CD4A300CBF60E /* PBXTargetDependency */,
			);
			name = CRMDemoTests;
			productName = CRMDemoTests;
			productReference = 54FFABDF231CD4A300CBF60E /* CRMDemoTests.xctest */;
			productType = "com.apple.product-type.bundle.unit-test";
		};
		54FFABE9231CD4A300CBF60E /* CRMDemoUITests */ = {
			isa = PBXNativeTarget;
			buildConfigurationList = 54FFABF7231CD4A400CBF60E /* Build configuration list for PBXNativeTarget "CRMDemoUITests" */;
			buildPhases = (
				54FFABE6231CD4A300CBF60E /* Sources */,
				54FFABE7231CD4A300CBF60E /* Frameworks */,
				54FFABE8231CD4A300CBF60E /* Resources */,
			);
			buildRules = (
			);
			dependencies = (
				54FFABEC231CD4A300CBF60E /* PBXTargetDependency */,
			);
			name = CRMDemoUITests;
			productName = CRMDemoUITests;
			productReference = 54FFABEA231CD4A300CBF60E /* CRMDemoUITests.xctest */;
			productType = "com.apple.product-type.bundle.ui-testing";
		};
/* End PBXNativeTarget section */

/* Begin PBXProject section */
		54FFAB98231A0F0600CBF60E /* Project object */ = {
			isa = PBXProject;
			attributes = {
				LastSwiftUpdateCheck = 1020;
				LastUpgradeCheck = 1020;
				ORGANIZATIONNAME = "Tariq Najib";
				TargetAttributes = {
					54FFABA0231A0F0600CBF60E = {
						CreatedOnToolsVersion = 10.2.1;
						LastSwiftMigration = 1020;
					};
					54FFABA9231A0F0600CBF60E = {
						CreatedOnToolsVersion = 10.2.1;
					};
					54FFABCB231CD49800CBF60E = {
						CreatedOnToolsVersion = 10.2.1;
					};
					54FFABDE231CD4A300CBF60E = {
						CreatedOnToolsVersion = 10.2.1;
						TestTargetID = 54FFABCB231CD49800CBF60E;
					};
					54FFABE9231CD4A300CBF60E = {
						CreatedOnToolsVersion = 10.2.1;
						TestTargetID = 54FFABCB231CD49800CBF60E;
					};
				};
			};
			buildConfigurationList = 54FFAB9B231A0F0600CBF60E /* Build configuration list for PBXProject "CustomRestManager" */;
			compatibilityVersion = "Xcode 9.3";
			developmentRegion = en;
			hasScannedForEncodings = 0;
			knownRegions = (
				en,
				Base,
			);
			mainGroup = 54FFAB97231A0F0600CBF60E;
			productRefGroup = 54FFABA2231A0F0600CBF60E /* Products */;
			projectDirPath = "";
			projectRoot = "";
			targets = (
				54FFABA0231A0F0600CBF60E /* CustomRestManager */,
				54FFABA9231A0F0600CBF60E /* CustomRestManagerTests */,
				54FFABCB231CD49800CBF60E /* CRMDemo */,
				54FFABDE231CD4A300CBF60E /* CRMDemoTests */,
				54FFABE9231CD4A300CBF60E /* CRMDemoUITests */,
			);
		};
/* End PBXProject section */

/* Begin PBXResourcesBuildPhase section */
		54FFAB9F231A0F0600CBF60E /* Resources */ = {
			isa = PBXResourcesBuildPhase;
			buildActionMask = 2147483647;
			files = (
			);
			runOnlyForDeploymentPostprocessing = 0;
		};
		54FFABA8231A0F0600CBF60E /* Resources */ = {
			isa = PBXResourcesBuildPhase;
			buildActionMask = 2147483647;
			files = (
			);
			runOnlyForDeploymentPostprocessing = 0;
		};
		54FFABCA231CD49800CBF60E /* Resources */ = {
			isa = PBXResourcesBuildPhase;
			buildActionMask = 2147483647;
			files = (
				54FFABD9231CD4A300CBF60E /* LaunchScreen.storyboard in Resources */,
				54FFABD6231CD4A300CBF60E /* Assets.xcassets in Resources */,
				54FFABD4231CD49800CBF60E /* Main.storyboard in Resources */,
			);
			runOnlyForDeploymentPostprocessing = 0;
		};
		54FFABDD231CD4A300CBF60E /* Resources */ = {
			isa = PBXResourcesBuildPhase;
			buildActionMask = 2147483647;
			files = (
			);
			runOnlyForDeploymentPostprocessing = 0;
		};
		54FFABE8231CD4A300CBF60E /* Resources */ = {
			isa = PBXResourcesBuildPhase;
			buildActionMask = 2147483647;
			files = (
			);
			runOnlyForDeploymentPostprocessing = 0;
		};
/* End PBXResourcesBuildPhase section */

/* Begin PBXSourcesBuildPhase section */
		54FFAB9D231A0F0600CBF60E /* Sources */ = {
			isa = PBXSourcesBuildPhase;
			buildActionMask = 2147483647;
			files = (
				54FFABC1231A294200CBF60E /* APIEntity.swift in Sources */,
				54FFABBF231A291100CBF60E /* Response.swift in Sources */,
				54FFABC3231A336E00CBF60E /* Results.swift in Sources */,
				54FFABC7231CBD3300CBF60E /* MemoryCache.swift in Sources */,
				54FFABC5231CAD8C00CBF60E /* CTCache.swift in Sources */,
				54FFABBC231A206A00CBF60E /* CustomRestManager.swift in Sources */,
			);
			runOnlyForDeploymentPostprocessing = 0;
		};
		54FFABA6231A0F0600CBF60E /* Sources */ = {
			isa = PBXSourcesBuildPhase;
			buildActionMask = 2147483647;
			files = (
				54FFABB0231A0F0600CBF60E /* CustomRestManagerTests.swift in Sources */,
			);
			runOnlyForDeploymentPostprocessing = 0;
		};
		54FFABC8231CD49800CBF60E /* Sources */ = {
			isa = PBXSourcesBuildPhase;
			buildActionMask = 2147483647;
			files = (
				54FFAC0B231E13D900CBF60E /* PinterestViewController.swift in Sources */,
				54FFABFC231D0E8900CBF60E /* Pins.swift in Sources */,
				54FFAC02231D0F6F00CBF60E /* ImageUrls.swift in Sources */,
				54FFAC04231D0FA900CBF60E /* ProfileImage.swift in Sources */,
				54FFAC0D231E149500CBF60E /* PinterestViewCell.swift in Sources */,
				54FFAC08231E0D7500CBF60E /* PinterestLayout.swift in Sources */,
				54FFABCF231CD49800CBF60E /* AppDelegate.swift in Sources */,
				54FFAC00231D0F0100CBF60E /* User.swift in Sources */,
				54FFABFE231D0EDD00CBF60E /* Category.swift in Sources */,
			);
			runOnlyForDeploymentPostprocessing = 0;
		};
		54FFABDB231CD4A300CBF60E /* Sources */ = {
			isa = PBXSourcesBuildPhase;
			buildActionMask = 2147483647;
			files = (
				54FFABE4231CD4A300CBF60E /* CRMDemoTests.swift in Sources */,
			);
			runOnlyForDeploymentPostprocessing = 0;
		};
		54FFABE6231CD4A300CBF60E /* Sources */ = {
			isa = PBXSourcesBuildPhase;
			buildActionMask = 2147483647;
			files = (
				54FFABEF231CD4A400CBF60E /* CRMDemoUITests.swift in Sources */,
			);
			runOnlyForDeploymentPostprocessing = 0;
		};
/* End PBXSourcesBuildPhase section */

/* Begin PBXTargetDependency section */
		54FFABAD231A0F0600CBF60E /* PBXTargetDependency */ = {
			isa = PBXTargetDependency;
			target = 54FFABA0231A0F0600CBF60E /* CustomRestManager */;
			targetProxy = 54FFABAC231A0F0600CBF60E /* PBXContainerItemProxy */;
		};
		54FFABE1231CD4A300CBF60E /* PBXTargetDependency */ = {
			isa = PBXTargetDependency;
			target = 54FFABCB231CD49800CBF60E /* CRMDemo */;
			targetProxy = 54FFABE0231CD4A300CBF60E /* PBXContainerItemProxy */;
		};
		54FFABEC231CD4A300CBF60E /* PBXTargetDependency */ = {
			isa = PBXTargetDependency;
			target = 54FFABCB231CD49800CBF60E /* CRMDemo */;
			targetProxy = 54FFABEB231CD4A300CBF60E /* PBXContainerItemProxy */;
		};
		54FFAC13231E62D900CBF60E /* PBXTargetDependency */ = {
			isa = PBXTargetDependency;
			target = 54FFABA0231A0F0600CBF60E /* CustomRestManager */;
			targetProxy = 54FFAC12231E62D900CBF60E /* PBXContainerItemProxy */;
		};
/* End PBXTargetDependency section */

/* Begin PBXVariantGroup section */
		54FFABD2231CD49800CBF60E /* Main.storyboard */ = {
			isa = PBXVariantGroup;
			children = (
				54FFABD3231CD49800CBF60E /* Base */,
			);
			name = Main.storyboard;
			sourceTree = "<group>";
		};
		54FFABD7231CD4A300CBF60E /* LaunchScreen.storyboard */ = {
			isa = PBXVariantGroup;
			children = (
				54FFABD8231CD4A300CBF60E /* Base */,
			);
			name = LaunchScreen.storyboard;
			sourceTree = "<group>";
		};
/* End PBXVariantGroup section */

/* Begin XCBuildConfiguration section */
		54FFABB3231A0F0600CBF60E /* Debug */ = {
			isa = XCBuildConfiguration;
			buildSettings = {
				ALWAYS_SEARCH_USER_PATHS = NO;
				CLANG_ANALYZER_NONNULL = YES;
				CLANG_ANALYZER_NUMBER_OBJECT_CONVERSION = YES_AGGRESSIVE;
				CLANG_CXX_LANGUAGE_STANDARD = "gnu++14";
				CLANG_CXX_LIBRARY = "libc++";
				CLANG_ENABLE_MODULES = YES;
				CLANG_ENABLE_OBJC_ARC = YES;
				CLANG_ENABLE_OBJC_WEAK = YES;
				CLANG_WARN_BLOCK_CAPTURE_AUTORELEASING = YES;
				CLANG_WARN_BOOL_CONVERSION = YES;
				CLANG_WARN_COMMA = YES;
				CLANG_WARN_CONSTANT_CONVERSION = YES;
				CLANG_WARN_DEPRECATED_OBJC_IMPLEMENTATIONS = YES;
				CLANG_WARN_DIRECT_OBJC_ISA_USAGE = YES_ERROR;
				CLANG_WARN_DOCUMENTATION_COMMENTS = YES;
				CLANG_WARN_EMPTY_BODY = YES;
				CLANG_WARN_ENUM_CONVERSION = YES;
				CLANG_WARN_INFINITE_RECURSION = YES;
				CLANG_WARN_INT_CONVERSION = YES;
				CLANG_WARN_NON_LITERAL_NULL_CONVERSION = YES;
				CLANG_WARN_OBJC_IMPLICIT_RETAIN_SELF = YES;
				CLANG_WARN_OBJC_LITERAL_CONVERSION = YES;
				CLANG_WARN_OBJC_ROOT_CLASS = YES_ERROR;
				CLANG_WARN_RANGE_LOOP_ANALYSIS = YES;
				CLANG_WARN_STRICT_PROTOTYPES = YES;
				CLANG_WARN_SUSPICIOUS_MOVE = YES;
				CLANG_WARN_UNGUARDED_AVAILABILITY = YES_AGGRESSIVE;
				CLANG_WARN_UNREACHABLE_CODE = YES;
				CLANG_WARN__DUPLICATE_METHOD_MATCH = YES;
				CODE_SIGN_IDENTITY = "iPhone Developer";
				COPY_PHASE_STRIP = NO;
				CURRENT_PROJECT_VERSION = 1;
				DEBUG_INFORMATION_FORMAT = dwarf;
				ENABLE_STRICT_OBJC_MSGSEND = YES;
				ENABLE_TESTABILITY = YES;
				GCC_C_LANGUAGE_STANDARD = gnu11;
				GCC_DYNAMIC_NO_PIC = NO;
				GCC_NO_COMMON_BLOCKS = YES;
				GCC_OPTIMIZATION_LEVEL = 0;
				GCC_PREPROCESSOR_DEFINITIONS = (
					"DEBUG=1",
					"$(inherited)",
				);
				GCC_WARN_64_TO_32_BIT_CONVERSION = YES;
				GCC_WARN_ABOUT_RETURN_TYPE = YES_ERROR;
				GCC_WARN_UNDECLARED_SELECTOR = YES;
				GCC_WARN_UNINITIALIZED_AUTOS = YES_AGGRESSIVE;
				GCC_WARN_UNUSED_FUNCTION = YES;
				GCC_WARN_UNUSED_VARIABLE = YES;
				IPHONEOS_DEPLOYMENT_TARGET = 12.2;
				MTL_ENABLE_DEBUG_INFO = INCLUDE_SOURCE;
				MTL_FAST_MATH = YES;
				ONLY_ACTIVE_ARCH = YES;
				SDKROOT = iphoneos;
				SWIFT_ACTIVE_COMPILATION_CONDITIONS = DEBUG;
				SWIFT_OPTIMIZATION_LEVEL = "-Onone";
				VERSIONING_SYSTEM = "apple-generic";
				VERSION_INFO_PREFIX = "";
			};
			name = Debug;
		};
		54FFABB4231A0F0600CBF60E /* Release */ = {
			isa = XCBuildConfiguration;
			buildSettings = {
				ALWAYS_SEARCH_USER_PATHS = NO;
				CLANG_ANALYZER_NONNULL = YES;
				CLANG_ANALYZER_NUMBER_OBJECT_CONVERSION = YES_AGGRESSIVE;
				CLANG_CXX_LANGUAGE_STANDARD = "gnu++14";
				CLANG_CXX_LIBRARY = "libc++";
				CLANG_ENABLE_MODULES = YES;
				CLANG_ENABLE_OBJC_ARC = YES;
				CLANG_ENABLE_OBJC_WEAK = YES;
				CLANG_WARN_BLOCK_CAPTURE_AUTORELEASING = YES;
				CLANG_WARN_BOOL_CONVERSION = YES;
				CLANG_WARN_COMMA = YES;
				CLANG_WARN_CONSTANT_CONVERSION = YES;
				CLANG_WARN_DEPRECATED_OBJC_IMPLEMENTATIONS = YES;
				CLANG_WARN_DIRECT_OBJC_ISA_USAGE = YES_ERROR;
				CLANG_WARN_DOCUMENTATION_COMMENTS = YES;
				CLANG_WARN_EMPTY_BODY = YES;
				CLANG_WARN_ENUM_CONVERSION = YES;
				CLANG_WARN_INFINITE_RECURSION = YES;
				CLANG_WARN_INT_CONVERSION = YES;
				CLANG_WARN_NON_LITERAL_NULL_CONVERSION = YES;
				CLANG_WARN_OBJC_IMPLICIT_RETAIN_SELF = YES;
				CLANG_WARN_OBJC_LITERAL_CONVERSION = YES;
				CLANG_WARN_OBJC_ROOT_CLASS = YES_ERROR;
				CLANG_WARN_RANGE_LOOP_ANALYSIS = YES;
				CLANG_WARN_STRICT_PROTOTYPES = YES;
				CLANG_WARN_SUSPICIOUS_MOVE = YES;
				CLANG_WARN_UNGUARDED_AVAILABILITY = YES_AGGRESSIVE;
				CLANG_WARN_UNREACHABLE_CODE = YES;
				CLANG_WARN__DUPLICATE_METHOD_MATCH = YES;
				CODE_SIGN_IDENTITY = "iPhone Developer";
				COPY_PHASE_STRIP = NO;
				CURRENT_PROJECT_VERSION = 1;
				DEBUG_INFORMATION_FORMAT = "dwarf-with-dsym";
				ENABLE_NS_ASSERTIONS = NO;
				ENABLE_STRICT_OBJC_MSGSEND = YES;
				GCC_C_LANGUAGE_STANDARD = gnu11;
				GCC_NO_COMMON_BLOCKS = YES;
				GCC_WARN_64_TO_32_BIT_CONVERSION = YES;
				GCC_WARN_ABOUT_RETURN_TYPE = YES_ERROR;
				GCC_WARN_UNDECLARED_SELECTOR = YES;
				GCC_WARN_UNINITIALIZED_AUTOS = YES_AGGRESSIVE;
				GCC_WARN_UNUSED_FUNCTION = YES;
				GCC_WARN_UNUSED_VARIABLE = YES;
				IPHONEOS_DEPLOYMENT_TARGET = 12.2;
				MTL_ENABLE_DEBUG_INFO = NO;
				MTL_FAST_MATH = YES;
				SDKROOT = iphoneos;
				SWIFT_COMPILATION_MODE = wholemodule;
				SWIFT_OPTIMIZATION_LEVEL = "-O";
				VALIDATE_PRODUCT = YES;
				VERSIONING_SYSTEM = "apple-generic";
				VERSION_INFO_PREFIX = "";
			};
			name = Release;
		};
		54FFABB6231A0F0600CBF60E /* Debug */ = {
			isa = XCBuildConfiguration;
			buildSettings = {
				CLANG_ENABLE_MODULES = YES;
				CODE_SIGN_IDENTITY = "";
				CODE_SIGN_STYLE = Automatic;
				DEFINES_MODULE = YES;
				DEVELOPMENT_TEAM = R5K63HJ8RQ;
				DYLIB_COMPATIBILITY_VERSION = 1;
				DYLIB_CURRENT_VERSION = 1;
				DYLIB_INSTALL_NAME_BASE = "@rpath";
				INFOPLIST_FILE = CustomRestManager/Info.plist;
				INSTALL_PATH = "$(LOCAL_LIBRARY_DIR)/Frameworks";
				IPHONEOS_DEPLOYMENT_TARGET = 11.0;
				LD_RUNPATH_SEARCH_PATHS = (
					"$(inherited)",
					"@executable_path/Frameworks",
					"@loader_path/Frameworks",
				);
				PRODUCT_BUNDLE_IDENTIFIER = Tariq.CustomRestManager;
				PRODUCT_NAME = "$(TARGET_NAME:c99extidentifier)";
				SKIP_INSTALL = YES;
				SWIFT_OPTIMIZATION_LEVEL = "-Onone";
				SWIFT_VERSION = 5.0;
				TARGETED_DEVICE_FAMILY = "1,2";
			};
			name = Debug;
		};
		54FFABB7231A0F0600CBF60E /* Release */ = {
			isa = XCBuildConfiguration;
			buildSettings = {
				CLANG_ENABLE_MODULES = YES;
				CODE_SIGN_IDENTITY = "";
				CODE_SIGN_STYLE = Automatic;
				DEFINES_MODULE = YES;
				DEVELOPMENT_TEAM = R5K63HJ8RQ;
				DYLIB_COMPATIBILITY_VERSION = 1;
				DYLIB_CURRENT_VERSION = 1;
				DYLIB_INSTALL_NAME_BASE = "@rpath";
				INFOPLIST_FILE = CustomRestManager/Info.plist;
				INSTALL_PATH = "$(LOCAL_LIBRARY_DIR)/Frameworks";
				IPHONEOS_DEPLOYMENT_TARGET = 11.0;
				LD_RUNPATH_SEARCH_PATHS = (
					"$(inherited)",
					"@executable_path/Frameworks",
					"@loader_path/Frameworks",
				);
				PRODUCT_BUNDLE_IDENTIFIER = Tariq.CustomRestManager;
				PRODUCT_NAME = "$(TARGET_NAME:c99extidentifier)";
				SKIP_INSTALL = YES;
				SWIFT_VERSION = 5.0;
				TARGETED_DEVICE_FAMILY = "1,2";
			};
			name = Release;
		};
		54FFABB9231A0F0600CBF60E /* Debug */ = {
			isa = XCBuildConfiguration;
			buildSettings = {
				ALWAYS_EMBED_SWIFT_STANDARD_LIBRARIES = YES;
				CODE_SIGN_STYLE = Automatic;
				DEVELOPMENT_TEAM = R5K63HJ8RQ;
				INFOPLIST_FILE = CustomRestManagerTests/Info.plist;
				LD_RUNPATH_SEARCH_PATHS = (
					"$(inherited)",
					"@executable_path/Frameworks",
					"@loader_path/Frameworks",
				);
				PRODUCT_BUNDLE_IDENTIFIER = Tariq.CustomRestManagerTests;
				PRODUCT_NAME = "$(TARGET_NAME)";
				SWIFT_VERSION = 5.0;
				TARGETED_DEVICE_FAMILY = "1,2";
			};
			name = Debug;
		};
		54FFABBA231A0F0600CBF60E /* Release */ = {
			isa = XCBuildConfiguration;
			buildSettings = {
				ALWAYS_EMBED_SWIFT_STANDARD_LIBRARIES = YES;
				CODE_SIGN_STYLE = Automatic;
				DEVELOPMENT_TEAM = R5K63HJ8RQ;
				INFOPLIST_FILE = CustomRestManagerTests/Info.plist;
				LD_RUNPATH_SEARCH_PATHS = (
					"$(inherited)",
					"@executable_path/Frameworks",
					"@loader_path/Frameworks",
				);
				PRODUCT_BUNDLE_IDENTIFIER = Tariq.CustomRestManagerTests;
				PRODUCT_NAME = "$(TARGET_NAME)";
				SWIFT_VERSION = 5.0;
				TARGETED_DEVICE_FAMILY = "1,2";
			};
			name = Release;
		};
		54FFABF2231CD4A400CBF60E /* Debug */ = {
			isa = XCBuildConfiguration;
			buildSettings = {
				ALWAYS_EMBED_SWIFT_STANDARD_LIBRARIES = YES;
				ASSETCATALOG_COMPILER_APPICON_NAME = AppIcon;
				CODE_SIGN_STYLE = Automatic;
				DEVELOPMENT_TEAM = R5K63HJ8RQ;
				INFOPLIST_FILE = CRMDemo/Info.plist;
				LD_RUNPATH_SEARCH_PATHS = (
					"$(inherited)",
					"@executable_path/Frameworks",
				);
				PRODUCT_BUNDLE_IDENTIFIER = Tariq.CRMDemo;
				PRODUCT_NAME = "$(TARGET_NAME)";
				SWIFT_VERSION = 5.0;
				TARGETED_DEVICE_FAMILY = "1,2";
			};
			name = Debug;
		};
		54FFABF3231CD4A400CBF60E /* Release */ = {
			isa = XCBuildConfiguration;
			buildSettings = {
				ALWAYS_EMBED_SWIFT_STANDARD_LIBRARIES = YES;
				ASSETCATALOG_COMPILER_APPICON_NAME = AppIcon;
				CODE_SIGN_STYLE = Automatic;
				DEVELOPMENT_TEAM = R5K63HJ8RQ;
				INFOPLIST_FILE = CRMDemo/Info.plist;
				LD_RUNPATH_SEARCH_PATHS = (
					"$(inherited)",
					"@executable_path/Frameworks",
				);
				PRODUCT_BUNDLE_IDENTIFIER = Tariq.CRMDemo;
				PRODUCT_NAME = "$(TARGET_NAME)";
				SWIFT_VERSION = 5.0;
				TARGETED_DEVICE_FAMILY = "1,2";
			};
			name = Release;
		};
		54FFABF5231CD4A400CBF60E /* Debug */ = {
			isa = XCBuildConfiguration;
			buildSettings = {
				ALWAYS_EMBED_SWIFT_STANDARD_LIBRARIES = YES;
				BUNDLE_LOADER = "$(TEST_HOST)";
				CODE_SIGN_STYLE = Automatic;
				DEVELOPMENT_TEAM = R5K63HJ8RQ;
				INFOPLIST_FILE = CRMDemoTests/Info.plist;
				LD_RUNPATH_SEARCH_PATHS = (
					"$(inherited)",
					"@executable_path/Frameworks",
					"@loader_path/Frameworks",
				);
				PRODUCT_BUNDLE_IDENTIFIER = Tariq.CRMDemoTests;
				PRODUCT_NAME = "$(TARGET_NAME)";
				SWIFT_VERSION = 5.0;
				TARGETED_DEVICE_FAMILY = "1,2";
				TEST_HOST = "$(BUILT_PRODUCTS_DIR)/CRMDemo.app/CRMDemo";
			};
			name = Debug;
		};
		54FFABF6231CD4A400CBF60E /* Release */ = {
			isa = XCBuildConfiguration;
			buildSettings = {
				ALWAYS_EMBED_SWIFT_STANDARD_LIBRARIES = YES;
				BUNDLE_LOADER = "$(TEST_HOST)";
				CODE_SIGN_STYLE = Automatic;
				DEVELOPMENT_TEAM = R5K63HJ8RQ;
				INFOPLIST_FILE = CRMDemoTests/Info.plist;
				LD_RUNPATH_SEARCH_PATHS = (
					"$(inherited)",
					"@executable_path/Frameworks",
					"@loader_path/Frameworks",
				);
				PRODUCT_BUNDLE_IDENTIFIER = Tariq.CRMDemoTests;
				PRODUCT_NAME = "$(TARGET_NAME)";
				SWIFT_VERSION = 5.0;
				TARGETED_DEVICE_FAMILY = "1,2";
				TEST_HOST = "$(BUILT_PRODUCTS_DIR)/CRMDemo.app/CRMDemo";
			};
			name = Release;
		};
		54FFABF8231CD4A400CBF60E /* Debug */ = {
			isa = XCBuildConfiguration;
			buildSettings = {
				ALWAYS_EMBED_SWIFT_STANDARD_LIBRARIES = YES;
				CODE_SIGN_STYLE = Automatic;
				DEVELOPMENT_TEAM = R5K63HJ8RQ;
				INFOPLIST_FILE = CRMDemoUITests/Info.plist;
				LD_RUNPATH_SEARCH_PATHS = (
					"$(inherited)",
					"@executable_path/Frameworks",
					"@loader_path/Frameworks",
				);
				PRODUCT_BUNDLE_IDENTIFIER = Tariq.CRMDemoUITests;
				PRODUCT_NAME = "$(TARGET_NAME)";
				SWIFT_VERSION = 5.0;
				TARGETED_DEVICE_FAMILY = "1,2";
				TEST_TARGET_NAME = CRMDemo;
			};
			name = Debug;
		};
		54FFABF9231CD4A400CBF60E /* Release */ = {
			isa = XCBuildConfiguration;
			buildSettings = {
				ALWAYS_EMBED_SWIFT_STANDARD_LIBRARIES = YES;
				CODE_SIGN_STYLE = Automatic;
				DEVELOPMENT_TEAM = R5K63HJ8RQ;
				INFOPLIST_FILE = CRMDemoUITests/Info.plist;
				LD_RUNPATH_SEARCH_PATHS = (
					"$(inherited)",
					"@executable_path/Frameworks",
					"@loader_path/Frameworks",
				);
				PRODUCT_BUNDLE_IDENTIFIER = Tariq.CRMDemoUITests;
				PRODUCT_NAME = "$(TARGET_NAME)";
				SWIFT_VERSION = 5.0;
				TARGETED_DEVICE_FAMILY = "1,2";
				TEST_TARGET_NAME = CRMDemo;
			};
			name = Release;
		};
/* End XCBuildConfiguration section */

/* Begin XCConfigurationList section */
		54FFAB9B231A0F0600CBF60E /* Build configuration list for PBXProject "CustomRestManager" */ = {
			isa = XCConfigurationList;
			buildConfigurations = (
				54FFABB3231A0F0600CBF60E /* Debug */,
				54FFABB4231A0F0600CBF60E /* Release */,
			);
			defaultConfigurationIsVisible = 0;
			defaultConfigurationName = Release;
		};
		54FFABB5231A0F0600CBF60E /* Build configuration list for PBXNativeTarget "CustomRestManager" */ = {
			isa = XCConfigurationList;
			buildConfigurations = (
				54FFABB6231A0F0600CBF60E /* Debug */,
				54FFABB7231A0F0600CBF60E /* Release */,
			);
			defaultConfigurationIsVisible = 0;
			defaultConfigurationName = Release;
		};
		54FFABB8231A0F0600CBF60E /* Build configuration list for PBXNativeTarget "CustomRestManagerTests" */ = {
			isa = XCConfigurationList;
			buildConfigurations = (
				54FFABB9231A0F0600CBF60E /* Debug */,
				54FFABBA231A0F0600CBF60E /* Release */,
			);
			defaultConfigurationIsVisible = 0;
			defaultConfigurationName = Release;
		};
		54FFABF1231CD4A400CBF60E /* Build configuration list for PBXNativeTarget "CRMDemo" */ = {
			isa = XCConfigurationList;
			buildConfigurations = (
				54FFABF2231CD4A400CBF60E /* Debug */,
				54FFABF3231CD4A400CBF60E /* Release */,
			);
			defaultConfigurationIsVisible = 0;
			defaultConfigurationName = Release;
		};
		54FFABF4231CD4A400CBF60E /* Build configuration list for PBXNativeTarget "CRMDemoTests" */ = {
			isa = XCConfigurationList;
			buildConfigurations = (
				54FFABF5231CD4A400CBF60E /* Debug */,
				54FFABF6231CD4A400CBF60E /* Release */,
			);
			defaultConfigurationIsVisible = 0;
			defaultConfigurationName = Release;
		};
		54FFABF7231CD4A400CBF60E /* Build configuration list for PBXNativeTarget "CRMDemoUITests" */ = {
			isa = XCConfigurationList;
			buildConfigurations = (
				54FFABF8231CD4A400CBF60E /* Debug */,
				54FFABF9231CD4A400CBF60E /* Release */,
			);
			defaultConfigurationIsVisible = 0;
			defaultConfigurationName = Release;
		};
/* End XCConfigurationList section */
	};
	rootObject = 54FFAB98231A0F0600CBF60E /* Project object */;
}
